// !$*UTF8*$!
{
	archiveVersion = 1;
	classes = {
	};
	objectVersion = 56;
	objects = {

/* Begin PBXBuildFile section */
		F70B297B2A38CEDB0099B0C1 /* AppDelegate.swift in Sources */ = {isa = PBXBuildFile; fileRef = F70B297A2A38CEDB0099B0C1 /* AppDelegate.swift */; };
		F70B297D2A38CEDB0099B0C1 /* SceneDelegate.swift in Sources */ = {isa = PBXBuildFile; fileRef = F70B297C2A38CEDB0099B0C1 /* SceneDelegate.swift */; };
		F70B29842A38CEDC0099B0C1 /* Assets.xcassets in Resources */ = {isa = PBXBuildFile; fileRef = F70B29832A38CEDC0099B0C1 /* Assets.xcassets */; };
		F70B29872A38CEDC0099B0C1 /* LaunchScreen.storyboard in Resources */ = {isa = PBXBuildFile; fileRef = F70B29852A38CEDC0099B0C1 /* LaunchScreen.storyboard */; };
		F70B29A12A38CFF30099B0C1 /* Person.swift in Sources */ = {isa = PBXBuildFile; fileRef = F70B29912A38CFF30099B0C1 /* Person.swift */; };
		F70B29A22A38CFF30099B0C1 /* FetchResponse.swift in Sources */ = {isa = PBXBuildFile; fileRef = F70B29922A38CFF30099B0C1 /* FetchResponse.swift */; };
		F70B29A32A38CFF30099B0C1 /* FetchError.swift in Sources */ = {isa = PBXBuildFile; fileRef = F70B29932A38CFF30099B0C1 /* FetchError.swift */; };
		F70B29A42A38CFF30099B0C1 /* PeopleListPresenter.swift in Sources */ = {isa = PBXBuildFile; fileRef = F70B29952A38CFF30099B0C1 /* PeopleListPresenter.swift */; };
		F70B29A52A38CFF30099B0C1 /* RandomUtils.swift in Sources */ = {isa = PBXBuildFile; fileRef = F70B29972A38CFF30099B0C1 /* RandomUtils.swift */; };
		F70B29A62A38CFF30099B0C1 /* PeopleGen.swift in Sources */ = {isa = PBXBuildFile; fileRef = F70B29982A38CFF30099B0C1 /* PeopleGen.swift */; };
		F70B29A72A38CFF30099B0C1 /* PeopleListViewController.swift in Sources */ = {isa = PBXBuildFile; fileRef = F70B299A2A38CFF30099B0C1 /* PeopleListViewController.swift */; };
		F70B29A82A38CFF30099B0C1 /* DataSource.swift in Sources */ = {isa = PBXBuildFile; fileRef = F70B299D2A38CFF30099B0C1 /* DataSource.swift */; };
		F70B29A92A38CFF30099B0C1 /* PeopleListInteractor.swift in Sources */ = {isa = PBXBuildFile; fileRef = F70B299E2A38CFF30099B0C1 /* PeopleListInteractor.swift */; };
		F70B29AA2A38CFF30099B0C1 /* PeopleListRouter.swift in Sources */ = {isa = PBXBuildFile; fileRef = F70B29A02A38CFF30099B0C1 /* PeopleListRouter.swift */; };
/* End PBXBuildFile section */

/* Begin PBXFileReference section */
		F70B29772A38CEDB0099B0C1 /* OzcanYilmazStudyCase.app */ = {isa = PBXFileReference; explicitFileType = wrapper.application; includeInIndex = 0; path = OzcanYilmazStudyCase.app; sourceTree = BUILT_PRODUCTS_DIR; };
		F70B297A2A38CEDB0099B0C1 /* AppDelegate.swift */ = {isa = PBXFileReference; lastKnownFileType = sourcecode.swift; path = AppDelegate.swift; sourceTree = "<group>"; };
		F70B297C2A38CEDB0099B0C1 /* SceneDelegate.swift */ = {isa = PBXFileReference; lastKnownFileType = sourcecode.swift; path = SceneDelegate.swift; sourceTree = "<group>"; };
		F70B29832A38CEDC0099B0C1 /* Assets.xcassets */ = {isa = PBXFileReference; lastKnownFileType = folder.assetcatalog; path = Assets.xcassets; sourceTree = "<group>"; };
		F70B29862A38CEDC0099B0C1 /* Base */ = {isa = PBXFileReference; lastKnownFileType = file.storyboard; name = Base; path = Base.lproj/LaunchScreen.storyboard; sourceTree = "<group>"; };
		F70B29882A38CEDC0099B0C1 /* Info.plist */ = {isa = PBXFileReference; lastKnownFileType = text.plist.xml; path = Info.plist; sourceTree = "<group>"; };
		F70B29912A38CFF30099B0C1 /* Person.swift */ = {isa = PBXFileReference; fileEncoding = 4; lastKnownFileType = sourcecode.swift; path = Person.swift; sourceTree = "<group>"; };
		F70B29922A38CFF30099B0C1 /* FetchResponse.swift */ = {isa = PBXFileReference; fileEncoding = 4; lastKnownFileType = sourcecode.swift; path = FetchResponse.swift; sourceTree = "<group>"; };
		F70B29932A38CFF30099B0C1 /* FetchError.swift */ = {isa = PBXFileReference; fileEncoding = 4; lastKnownFileType = sourcecode.swift; path = FetchError.swift; sourceTree = "<group>"; };
		F70B29952A38CFF30099B0C1 /* PeopleListPresenter.swift */ = {isa = PBXFileReference; fileEncoding = 4; lastKnownFileType = sourcecode.swift; path = PeopleListPresenter.swift; sourceTree = "<group>"; };
		F70B29972A38CFF30099B0C1 /* RandomUtils.swift */ = {isa = PBXFileReference; fileEncoding = 4; lastKnownFileType = sourcecode.swift; path = RandomUtils.swift; sourceTree = "<group>"; };
		F70B29982A38CFF30099B0C1 /* PeopleGen.swift */ = {isa = PBXFileReference; fileEncoding = 4; lastKnownFileType = sourcecode.swift; path = PeopleGen.swift; sourceTree = "<group>"; };
		F70B299A2A38CFF30099B0C1 /* PeopleListViewController.swift */ = {isa = PBXFileReference; fileEncoding = 4; lastKnownFileType = sourcecode.swift; path = PeopleListViewController.swift; sourceTree = "<group>"; };
		F70B299D2A38CFF30099B0C1 /* DataSource.swift */ = {isa = PBXFileReference; fileEncoding = 4; lastKnownFileType = sourcecode.swift; path = DataSource.swift; sourceTree = "<group>"; };
		F70B299E2A38CFF30099B0C1 /* PeopleListInteractor.swift */ = {isa = PBXFileReference; fileEncoding = 4; lastKnownFileType = sourcecode.swift; path = PeopleListInteractor.swift; sourceTree = "<group>"; };
		F70B29A02A38CFF30099B0C1 /* PeopleListRouter.swift */ = {isa = PBXFileReference; fileEncoding = 4; lastKnownFileType = sourcecode.swift; path = PeopleListRouter.swift; sourceTree = "<group>"; };
/* End PBXFileReference section */

/* Begin PBXFrameworksBuildPhase section */
		F70B29742A38CEDB0099B0C1 /* Frameworks */ = {
			isa = PBXFrameworksBuildPhase;
			buildActionMask = 2147483647;
			files = (
			);
			runOnlyForDeploymentPostprocessing = 0;
		};
/* End PBXFrameworksBuildPhase section */

/* Begin PBXGroup section */
		F70B296E2A38CEDB0099B0C1 = {
			isa = PBXGroup;
			children = (
				F70B29792A38CEDB0099B0C1 /* OzcanYilmazStudyCase */,
				F70B29782A38CEDB0099B0C1 /* Products */,
			);
			sourceTree = "<group>";
		};
		F70B29782A38CEDB0099B0C1 /* Products */ = {
			isa = PBXGroup;
			children = (
				F70B29772A38CEDB0099B0C1 /* OzcanYilmazStudyCase.app */,
			);
			name = Products;
			sourceTree = "<group>";
		};
		F70B29792A38CEDB0099B0C1 /* OzcanYilmazStudyCase */ = {
			isa = PBXGroup;
			children = (
				F70B298F2A38CFF30099B0C1 /* Modules */,
				F70B298E2A38CEEC0099B0C1 /* Core */,
				F70B29882A38CEDC0099B0C1 /* Info.plist */,
			);
			path = OzcanYilmazStudyCase;
			sourceTree = "<group>";
		};
		F70B298E2A38CEEC0099B0C1 /* Core */ = {
			isa = PBXGroup;
			children = (
				F70B297A2A38CEDB0099B0C1 /* AppDelegate.swift */,
				F70B297C2A38CEDB0099B0C1 /* SceneDelegate.swift */,
				F70B29832A38CEDC0099B0C1 /* Assets.xcassets */,
				F70B29852A38CEDC0099B0C1 /* LaunchScreen.storyboard */,
			);
			path = Core;
			sourceTree = "<group>";
		};
		F70B298F2A38CFF30099B0C1 /* Modules */ = {
			isa = PBXGroup;
			children = (
				F70B29902A38CFF30099B0C1 /* Entity */,
				F70B29942A38CFF30099B0C1 /* Presenter */,
				F70B29962A38CFF30099B0C1 /* Utils */,
				F70B29992A38CFF30099B0C1 /* View */,
				F70B299B2A38CFF30099B0C1 /* Interactor */,
				F70B299F2A38CFF30099B0C1 /* Router */,
			);
			path = Modules;
			sourceTree = "<group>";
		};
		F70B29902A38CFF30099B0C1 /* Entity */ = {
			isa = PBXGroup;
			children = (
				F70B29912A38CFF30099B0C1 /* Person.swift */,
				F70B29922A38CFF30099B0C1 /* FetchResponse.swift */,
				F70B29932A38CFF30099B0C1 /* FetchError.swift */,
			);
			path = Entity;
			sourceTree = "<group>";
		};
		F70B29942A38CFF30099B0C1 /* Presenter */ = {
			isa = PBXGroup;
			children = (
				F70B29952A38CFF30099B0C1 /* PeopleListPresenter.swift */,
			);
			path = Presenter;
			sourceTree = "<group>";
		};
		F70B29962A38CFF30099B0C1 /* Utils */ = {
			isa = PBXGroup;
			children = (
				F70B29972A38CFF30099B0C1 /* RandomUtils.swift */,
				F70B29982A38CFF30099B0C1 /* PeopleGen.swift */,
			);
			path = Utils;
			sourceTree = "<group>";
		};
		F70B29992A38CFF30099B0C1 /* View */ = {
			isa = PBXGroup;
			children = (
				F70B299A2A38CFF30099B0C1 /* PeopleListViewController.swift */,
			);
			path = View;
			sourceTree = "<group>";
		};
		F70B299B2A38CFF30099B0C1 /* Interactor */ = {
			isa = PBXGroup;
			children = (
				F70B299C2A38CFF30099B0C1 /* DataManager */,
				F70B299E2A38CFF30099B0C1 /* PeopleListInteractor.swift */,
			);
			path = Interactor;
			sourceTree = "<group>";
		};
		F70B299C2A38CFF30099B0C1 /* DataManager */ = {
			isa = PBXGroup;
			children = (
				F70B299D2A38CFF30099B0C1 /* DataSource.swift */,
			);
			path = DataManager;
			sourceTree = "<group>";
		};
		F70B299F2A38CFF30099B0C1 /* Router */ = {
			isa = PBXGroup;
			children = (
				F70B29A02A38CFF30099B0C1 /* PeopleListRouter.swift */,
			);
			path = Router;
			sourceTree = "<group>";
		};
/* End PBXGroup section */

/* Begin PBXNativeTarget section */
		F70B29762A38CEDB0099B0C1 /* OzcanYilmazStudyCase */ = {
			isa = PBXNativeTarget;
			buildConfigurationList = F70B298B2A38CEDC0099B0C1 /* Build configuration list for PBXNativeTarget "OzcanYilmazStudyCase" */;
			buildPhases = (
				F70B29732A38CEDB0099B0C1 /* Sources */,
				F70B29742A38CEDB0099B0C1 /* Frameworks */,
				F70B29752A38CEDB0099B0C1 /* Resources */,
			);
			buildRules = (
			);
			dependencies = (
			);
			name = OzcanYilmazStudyCase;
			productName = OzcanYilmazStudyCase;
			productReference = F70B29772A38CEDB0099B0C1 /* OzcanYilmazStudyCase.app */;
			productType = "com.apple.product-type.application";
		};
/* End PBXNativeTarget section */

/* Begin PBXProject section */
		F70B296F2A38CEDB0099B0C1 /* Project object */ = {
			isa = PBXProject;
			attributes = {
				BuildIndependentTargetsInParallel = 1;
				LastSwiftUpdateCheck = 1420;
				LastUpgradeCheck = 1420;
				TargetAttributes = {
					F70B29762A38CEDB0099B0C1 = {
						CreatedOnToolsVersion = 14.2;
					};
				};
			};
			buildConfigurationList = F70B29722A38CEDB0099B0C1 /* Build configuration list for PBXProject "OzcanYilmazStudyCase" */;
			compatibilityVersion = "Xcode 14.0";
			developmentRegion = en;
			hasScannedForEncodings = 0;
			knownRegions = (
				en,
				Base,
			);
			mainGroup = F70B296E2A38CEDB0099B0C1;
			productRefGroup = F70B29782A38CEDB0099B0C1 /* Products */;
			projectDirPath = "";
			projectRoot = "";
			targets = (
				F70B29762A38CEDB0099B0C1 /* OzcanYilmazStudyCase */,
			);
		};
/* End PBXProject section */

/* Begin PBXResourcesBuildPhase section */
		F70B29752A38CEDB0099B0C1 /* Resources */ = {
			isa = PBXResourcesBuildPhase;
			buildActionMask = 2147483647;
			files = (
				F70B29872A38CEDC0099B0C1 /* LaunchScreen.storyboard in Resources */,
				F70B29842A38CEDC0099B0C1 /* Assets.xcassets in Resources */,
			);
			runOnlyForDeploymentPostprocessing = 0;
		};
/* End PBXResourcesBuildPhase section */

/* Begin PBXSourcesBuildPhase section */
		F70B29732A38CEDB0099B0C1 /* Sources */ = {
			isa = PBXSourcesBuildPhase;
			buildActionMask = 2147483647;
			files = (
				F70B29A12A38CFF30099B0C1 /* Person.swift in Sources */,
				F70B29A72A38CFF30099B0C1 /* PeopleListViewController.swift in Sources */,
				F70B29A62A38CFF30099B0C1 /* PeopleGen.swift in Sources */,
				F70B29AA2A38CFF30099B0C1 /* PeopleListRouter.swift in Sources */,
				F70B297B2A38CEDB0099B0C1 /* AppDelegate.swift in Sources */,
				F70B29A32A38CFF30099B0C1 /* FetchError.swift in Sources */,
				F70B29A92A38CFF30099B0C1 /* PeopleListInteractor.swift in Sources */,
				F70B29A42A38CFF30099B0C1 /* PeopleListPresenter.swift in Sources */,
				F70B29A52A38CFF30099B0C1 /* RandomUtils.swift in Sources */,
				F70B297D2A38CEDB0099B0C1 /* SceneDelegate.swift in Sources */,
				F70B29A82A38CFF30099B0C1 /* DataSource.swift in Sources */,
				F70B29A22A38CFF30099B0C1 /* FetchResponse.swift in Sources */,
			);
			runOnlyForDeploymentPostprocessing = 0;
		};
/* End PBXSourcesBuildPhase section */

/* Begin PBXVariantGroup section */
		F70B29852A38CEDC0099B0C1 /* LaunchScreen.storyboard */ = {
			isa = PBXVariantGroup;
			children = (
				F70B29862A38CEDC0099B0C1 /* Base */,
			);
			name = LaunchScreen.storyboard;
			sourceTree = "<group>";
		};
/* End PBXVariantGroup section */

/* Begin XCBuildConfiguration section */
		F70B29892A38CEDC0099B0C1 /* Debug */ = {
			isa = XCBuildConfiguration;
			buildSettings = {
				ALWAYS_SEARCH_USER_PATHS = NO;
				CLANG_ANALYZER_NONNULL = YES;
				CLANG_ANALYZER_NUMBER_OBJECT_CONVERSION = YES_AGGRESSIVE;
				CLANG_CXX_LANGUAGE_STANDARD = "gnu++20";
				CLANG_ENABLE_MODULES = YES;
				CLANG_ENABLE_OBJC_ARC = YES;
				CLANG_ENABLE_OBJC_WEAK = YES;
				CLANG_WARN_BLOCK_CAPTURE_AUTORELEASING = YES;
				CLANG_WARN_BOOL_CONVERSION = YES;
				CLANG_WARN_COMMA = YES;
				CLANG_WARN_CONSTANT_CONVERSION = YES;
				CLANG_WARN_DEPRECATED_OBJC_IMPLEMENTATIONS = YES;
				CLANG_WARN_DIRECT_OBJC_ISA_USAGE = YES_ERROR;
				CLANG_WARN_DOCUMENTATION_COMMENTS = YES;
				CLANG_WARN_EMPTY_BODY = YES;
				CLANG_WARN_ENUM_CONVERSION = YES;
				CLANG_WARN_INFINITE_RECURSION = YES;
				CLANG_WARN_INT_CONVERSION = YES;
				CLANG_WARN_NON_LITERAL_NULL_CONVERSION = YES;
				CLANG_WARN_OBJC_IMPLICIT_RETAIN_SELF = YES;
				CLANG_WARN_OBJC_LITERAL_CONVERSION = YES;
				CLANG_WARN_OBJC_ROOT_CLASS = YES_ERROR;
				CLANG_WARN_QUOTED_INCLUDE_IN_FRAMEWORK_HEADER = YES;
				CLANG_WARN_RANGE_LOOP_ANALYSIS = YES;
				CLANG_WARN_STRICT_PROTOTYPES = YES;
				CLANG_WARN_SUSPICIOUS_MOVE = YES;
				CLANG_WARN_UNGUARDED_AVAILABILITY = YES_AGGRESSIVE;
				CLANG_WARN_UNREACHABLE_CODE = YES;
				CLANG_WARN__DUPLICATE_METHOD_MATCH = YES;
				COPY_PHASE_STRIP = NO;
				DEBUG_INFORMATION_FORMAT = dwarf;
				ENABLE_STRICT_OBJC_MSGSEND = YES;
				ENABLE_TESTABILITY = YES;
				GCC_C_LANGUAGE_STANDARD = gnu11;
				GCC_DYNAMIC_NO_PIC = NO;
				GCC_NO_COMMON_BLOCKS = YES;
				GCC_OPTIMIZATION_LEVEL = 0;
				GCC_PREPROCESSOR_DEFINITIONS = (
					"DEBUG=1",
					"$(inherited)",
				);
				GCC_WARN_64_TO_32_BIT_CONVERSION = YES;
				GCC_WARN_ABOUT_RETURN_TYPE = YES_ERROR;
				GCC_WARN_UNDECLARED_SELECTOR = YES;
				GCC_WARN_UNINITIALIZED_AUTOS = YES_AGGRESSIVE;
				GCC_WARN_UNUSED_FUNCTION = YES;
				GCC_WARN_UNUSED_VARIABLE = YES;
				IPHONEOS_DEPLOYMENT_TARGET = 16.2;
				MTL_ENABLE_DEBUG_INFO = INCLUDE_SOURCE;
				MTL_FAST_MATH = YES;
				ONLY_ACTIVE_ARCH = YES;
				SDKROOT = iphoneos;
				SWIFT_ACTIVE_COMPILATION_CONDITIONS = DEBUG;
				SWIFT_OPTIMIZATION_LEVEL = "-Onone";
			};
			name = Debug;
		};
		F70B298A2A38CEDC0099B0C1 /* Release */ = {
			isa = XCBuildConfiguration;
			buildSettings = {
				ALWAYS_SEARCH_USER_PATHS = NO;
				CLANG_ANALYZER_NONNULL = YES;
				CLANG_ANALYZER_NUMBER_OBJECT_CONVERSION = YES_AGGRESSIVE;
				CLANG_CXX_LANGUAGE_STANDARD = "gnu++20";
				CLANG_ENABLE_MODULES = YES;
				CLANG_ENABLE_OBJC_ARC = YES;
				CLANG_ENABLE_OBJC_WEAK = YES;
				CLANG_WARN_BLOCK_CAPTURE_AUTORELEASING = YES;
				CLANG_WARN_BOOL_CONVERSION = YES;
				CLANG_WARN_COMMA = YES;
				CLANG_WARN_CONSTANT_CONVERSION = YES;
				CLANG_WARN_DEPRECATED_OBJC_IMPLEMENTATIONS = YES;
				CLANG_WARN_DIRECT_OBJC_ISA_USAGE = YES_ERROR;
				CLANG_WARN_DOCUMENTATION_COMMENTS = YES;
				CLANG_WARN_EMPTY_BODY = YES;
				CLANG_WARN_ENUM_CONVERSION = YES;
				CLANG_WARN_INFINITE_RECURSION = YES;
				CLANG_WARN_INT_CONVERSION = YES;
				CLANG_WARN_NON_LITERAL_NULL_CONVERSION = YES;
				CLANG_WARN_OBJC_IMPLICIT_RETAIN_SELF = YES;
				CLANG_WARN_OBJC_LITERAL_CONVERSION = YES;
				CLANG_WARN_OBJC_ROOT_CLASS = YES_ERROR;
				CLANG_WARN_QUOTED_INCLUDE_IN_FRAMEWORK_HEADER = YES;
				CLANG_WARN_RANGE_LOOP_ANALYSIS = YES;
				CLANG_WARN_STRICT_PROTOTYPES = YES;
				CLANG_WARN_SUSPICIOUS_MOVE = YES;
				CLANG_WARN_UNGUARDED_AVAILABILITY = YES_AGGRESSIVE;
				CLANG_WARN_UNREACHABLE_CODE = YES;
				CLANG_WARN__DUPLICATE_METHOD_MATCH = YES;
				COPY_PHASE_STRIP = NO;
				DEBUG_INFORMATION_FORMAT = "dwarf-with-dsym";
				ENABLE_NS_ASSERTIONS = NO;
				ENABLE_STRICT_OBJC_MSGSEND = YES;
				GCC_C_LANGUAGE_STANDARD = gnu11;
				GCC_NO_COMMON_BLOCKS = YES;
				GCC_WARN_64_TO_32_BIT_CONVERSION = YES;
				GCC_WARN_ABOUT_RETURN_TYPE = YES_ERROR;
				GCC_WARN_UNDECLARED_SELECTOR = YES;
				GCC_WARN_UNINITIALIZED_AUTOS = YES_AGGRESSIVE;
				GCC_WARN_UNUSED_FUNCTION = YES;
				GCC_WARN_UNUSED_VARIABLE = YES;
				IPHONEOS_DEPLOYMENT_TARGET = 16.2;
				MTL_ENABLE_DEBUG_INFO = NO;
				MTL_FAST_MATH = YES;
				SDKROOT = iphoneos;
				SWIFT_COMPILATION_MODE = wholemodule;
				SWIFT_OPTIMIZATION_LEVEL = "-O";
				VALIDATE_PRODUCT = YES;
			};
			name = Release;
		};
		F70B298C2A38CEDC0099B0C1 /* Debug */ = {
			isa = XCBuildConfiguration;
			buildSettings = {
				ASSETCATALOG_COMPILER_APPICON_NAME = AppIcon;
				ASSETCATALOG_COMPILER_GLOBAL_ACCENT_COLOR_NAME = AccentColor;
				CODE_SIGN_STYLE = Automatic;
				CURRENT_PROJECT_VERSION = 1;
				DEVELOPMENT_TEAM = C3LK72HD4G;
				GENERATE_INFOPLIST_FILE = YES;
				INFOPLIST_FILE = OzcanYilmazStudyCase/Info.plist;
				INFOPLIST_KEY_UIApplicationSupportsIndirectInputEvents = YES;
				INFOPLIST_KEY_UILaunchStoryboardName = LaunchScreen;
				INFOPLIST_KEY_UISupportedInterfaceOrientations_iPad = "UIInterfaceOrientationPortrait UIInterfaceOrientationPortraitUpsideDown UIInterfaceOrientationLandscapeLeft UIInterfaceOrientationLandscapeRight";
				INFOPLIST_KEY_UISupportedInterfaceOrientations_iPhone = "UIInterfaceOrientationPortrait UIInterfaceOrientationLandscapeLeft UIInterfaceOrientationLandscapeRight";
				LD_RUNPATH_SEARCH_PATHS = (
					"$(inherited)",
					"@executable_path/Frameworks",
				);
				MARKETING_VERSION = 1.0;
				PRODUCT_BUNDLE_IDENTIFIER = ozcanyilmaz.OzcanYilmazStudyCase;
				PRODUCT_NAME = "$(TARGET_NAME)";
				SWIFT_EMIT_LOC_STRINGS = YES;
				SWIFT_VERSION = 5.0;
				TARGETED_DEVICE_FAMILY = "1,2";
			};
			name = Debug;
		};
		F70B298D2A38CEDC0099B0C1 /* Release */ = {
			isa = XCBuildConfiguration;
			buildSettings = {
				ASSETCATALOG_COMPILER_APPICON_NAME = AppIcon;
				ASSETCATALOG_COMPILER_GLOBAL_ACCENT_COLOR_NAME = AccentColor;
				CODE_SIGN_STYLE = Automatic;
				CURRENT_PROJECT_VERSION = 1;
				DEVELOPMENT_TEAM = C3LK72HD4G;
				GENERATE_INFOPLIST_FILE = YES;
				INFOPLIST_FILE = OzcanYilmazStudyCase/Info.plist;
				INFOPLIST_KEY_UIApplicationSupportsIndirectInputEvents = YES;
				INFOPLIST_KEY_UILaunchStoryboardName = LaunchScreen;
				INFOPLIST_KEY_UISupportedInterfaceOrientations_iPad = "UIInterfaceOrientationPortrait UIInterfaceOrientationPortraitUpsideDown UIInterfaceOrientationLandscapeLeft UIInterfaceOrientationLandscapeRight";
				INFOPLIST_KEY_UISupportedInterfaceOrientations_iPhone = "UIInterfaceOrientationPortrait UIInterfaceOrientationLandscapeLeft UIInterfaceOrientationLandscapeRight";
				LD_RUNPATH_SEARCH_PATHS = (
					"$(inherited)",
					"@executable_path/Frameworks",
				);
				MARKETING_VERSION = 1.0;
				PRODUCT_BUNDLE_IDENTIFIER = ozcanyilmaz.OzcanYilmazStudyCase;
				PRODUCT_NAME = "$(TARGET_NAME)";
				SWIFT_EMIT_LOC_STRINGS = YES;
				SWIFT_VERSION = 5.0;
				TARGETED_DEVICE_FAMILY = "1,2";
			};
			name = Release;
		};
/* End XCBuildConfiguration section */

/* Begin XCConfigurationList section */
		F70B29722A38CEDB0099B0C1 /* Build configuration list for PBXProject "OzcanYilmazStudyCase" */ = {
			isa = XCConfigurationList;
			buildConfigurations = (
				F70B29892A38CEDC0099B0C1 /* Debug */,
				F70B298A2A38CEDC0099B0C1 /* Release */,
			);
			defaultConfigurationIsVisible = 0;
			defaultConfigurationName = Release;
		};
		F70B298B2A38CEDC0099B0C1 /* Build configuration list for PBXNativeTarget "OzcanYilmazStudyCase" */ = {
			isa = XCConfigurationList;
			buildConfigurations = (
				F70B298C2A38CEDC0099B0C1 /* Debug */,
				F70B298D2A38CEDC0099B0C1 /* Release */,
			);
			defaultConfigurationIsVisible = 0;
			defaultConfigurationName = Release;
		};
/* End XCConfigurationList section */
	};
	rootObject = F70B296F2A38CEDB0099B0C1 /* Project object */;
}
